// !$*UTF8*$!
{
	archiveVersion = 1;
	classes = {
	};
	objectVersion = 51;
	objects = {

/* Begin PBXBuildFile section */
		521484F522F9D39C003118C6 /* UIScreen+.swift in Sources */ = {isa = PBXBuildFile; fileRef = 521484F422F9D39C003118C6 /* UIScreen+.swift */; };
		521484F722F9D6BE003118C6 /* UIApplication+.swift in Sources */ = {isa = PBXBuildFile; fileRef = 521484F622F9D6BE003118C6 /* UIApplication+.swift */; };
		521484F922F9E49D003118C6 /* SearchItemCell.xib in Resources */ = {isa = PBXBuildFile; fileRef = 521484F822F9E49D003118C6 /* SearchItemCell.xib */; };
		522DD69822F9EB4000885F13 /* SearchItemCell.swift in Sources */ = {isa = PBXBuildFile; fileRef = 522DD69722F9EB4000885F13 /* SearchItemCell.swift */; };
		522DD69A22F9EE7000885F13 /* SearchItem.swift in Sources */ = {isa = PBXBuildFile; fileRef = 522DD69922F9EE7000885F13 /* SearchItem.swift */; };
		522DD69C22FA010600885F13 /* SearchResult.swift in Sources */ = {isa = PBXBuildFile; fileRef = 522DD69B22FA010600885F13 /* SearchResult.swift */; };
		52959C4722FC7CEC00C25738 /* CategoriesCell.xib in Resources */ = {isa = PBXBuildFile; fileRef = 52959C4622FC7CEC00C25738 /* CategoriesCell.xib */; };
		52959C4922FC7D1000C25738 /* CategoriesCell.swift in Sources */ = {isa = PBXBuildFile; fileRef = 52959C4822FC7D1000C25738 /* CategoriesCell.swift */; };
		52959C4B22FC851500C25738 /* AttributeCell.xib in Resources */ = {isa = PBXBuildFile; fileRef = 52959C4A22FC851500C25738 /* AttributeCell.xib */; };
		52959C4D22FC852A00C25738 /* AttributeCell.swift in Sources */ = {isa = PBXBuildFile; fileRef = 52959C4C22FC852A00C25738 /* AttributeCell.swift */; };
		52959C4F22FC86FF00C25738 /* AttributeItemCell.xib in Resources */ = {isa = PBXBuildFile; fileRef = 52959C4E22FC86FF00C25738 /* AttributeItemCell.xib */; };
		52959C5122FC871A00C25738 /* AttributeItemCell.swift in Sources */ = {isa = PBXBuildFile; fileRef = 52959C5022FC871A00C25738 /* AttributeItemCell.swift */; };
		52959C5322FC88C100C25738 /* AttributeItem.swift in Sources */ = {isa = PBXBuildFile; fileRef = 52959C5222FC88C100C25738 /* AttributeItem.swift */; };
		52959C5522FCA92200C25738 /* DescriptionItemCell.xib in Resources */ = {isa = PBXBuildFile; fileRef = 52959C5422FCA92200C25738 /* DescriptionItemCell.xib */; };
		52959C5722FCA94B00C25738 /* DescriptionItemCell.swift in Sources */ = {isa = PBXBuildFile; fileRef = 52959C5622FCA94B00C25738 /* DescriptionItemCell.swift */; };
		52959C5B22FCAB4800C25738 /* CompareCell.xib in Resources */ = {isa = PBXBuildFile; fileRef = 52959C5A22FCAB4800C25738 /* CompareCell.xib */; };
		52959C5D22FCAB6000C25738 /* CompareCell.swift in Sources */ = {isa = PBXBuildFile; fileRef = 52959C5C22FCAB6000C25738 /* CompareCell.swift */; };
		52A2111C22FB2339002A59A8 /* Utils.swift in Sources */ = {isa = PBXBuildFile; fileRef = 52A2111B22FB2339002A59A8 /* Utils.swift */; };
		52A2111F22FB2A3A002A59A8 /* DetailVC.swift in Sources */ = {isa = PBXBuildFile; fileRef = 52A2111E22FB2A3A002A59A8 /* DetailVC.swift */; };
		52A2112122FB34ED002A59A8 /* CustomAlert.swift in Sources */ = {isa = PBXBuildFile; fileRef = 52A2112022FB34ED002A59A8 /* CustomAlert.swift */; };
		52A2112322FB3DD4002A59A8 /* ItemInfoCell.swift in Sources */ = {isa = PBXBuildFile; fileRef = 52A2112222FB3DD4002A59A8 /* ItemInfoCell.swift */; };
		52A2112522FB3DF9002A59A8 /* ItemInfoCell.xib in Resources */ = {isa = PBXBuildFile; fileRef = 52A2112422FB3DF9002A59A8 /* ItemInfoCell.xib */; };
		52A2112722FB56A6002A59A8 /* ImageCell.swift in Sources */ = {isa = PBXBuildFile; fileRef = 52A2112622FB56A6002A59A8 /* ImageCell.swift */; };
		52A2112922FB579A002A59A8 /* ImageCell.xib in Resources */ = {isa = PBXBuildFile; fileRef = 52A2112822FB579A002A59A8 /* ImageCell.xib */; };
		52ADC93222F71AF4000D6408 /* AppDelegate.swift in Sources */ = {isa = PBXBuildFile; fileRef = 52ADC93122F71AF4000D6408 /* AppDelegate.swift */; };
		52ADC93722F71AF4000D6408 /* Main.storyboard in Resources */ = {isa = PBXBuildFile; fileRef = 52ADC93522F71AF4000D6408 /* Main.storyboard */; };
		52ADC93922F71AF5000D6408 /* Assets.xcassets in Resources */ = {isa = PBXBuildFile; fileRef = 52ADC93822F71AF5000D6408 /* Assets.xcassets */; };
		52ADC93C22F71AF5000D6408 /* LaunchScreen.storyboard in Resources */ = {isa = PBXBuildFile; fileRef = 52ADC93A22F71AF5000D6408 /* LaunchScreen.storyboard */; };
		52ADC94722F71AF5000D6408 /* Teko_Dev_TestTests.swift in Sources */ = {isa = PBXBuildFile; fileRef = 52ADC94622F71AF5000D6408 /* Teko_Dev_TestTests.swift */; };
		52ADC95A22F71C1B000D6408 /* SearchVC.swift in Sources */ = {isa = PBXBuildFile; fileRef = 52ADC95922F71C1B000D6408 /* SearchVC.swift */; };
		52ADC96122F72197000D6408 /* Constants.swift in Sources */ = {isa = PBXBuildFile; fileRef = 52ADC96022F72197000D6408 /* Constants.swift */; };
		52ADC96322F72212000D6408 /* APIConfigs.swift in Sources */ = {isa = PBXBuildFile; fileRef = 52ADC96222F72212000D6408 /* APIConfigs.swift */; };
		52ADC96522F722A1000D6408 /* APIResponse.swift in Sources */ = {isa = PBXBuildFile; fileRef = 52ADC96422F722A1000D6408 /* APIResponse.swift */; };
		52ADC96722F7258F000D6408 /* APIService.swift in Sources */ = {isa = PBXBuildFile; fileRef = 52ADC96622F7258F000D6408 /* APIService.swift */; };
		52ADC96922F725FA000D6408 /* BaseRequest.swift in Sources */ = {isa = PBXBuildFile; fileRef = 52ADC96822F725FA000D6408 /* BaseRequest.swift */; };
		52ADC96B22F729E7000D6408 /* APIService+Item.swift in Sources */ = {isa = PBXBuildFile; fileRef = 52ADC96A22F729E7000D6408 /* APIService+Item.swift */; };
		52ADC96D22F736D7000D6408 /* Array+.swift in Sources */ = {isa = PBXBuildFile; fileRef = 52ADC96C22F736D7000D6408 /* Array+.swift */; };
		52ADC96F22F737A7000D6408 /* UICollectionView+.swift in Sources */ = {isa = PBXBuildFile; fileRef = 52ADC96E22F737A7000D6408 /* UICollectionView+.swift */; };
		52ADC97122F7383B000D6408 /* UIColor+.swift in Sources */ = {isa = PBXBuildFile; fileRef = 52ADC97022F7383B000D6408 /* UIColor+.swift */; };
		52ADC97322F738CB000D6408 /* UIStoryboard+.swift in Sources */ = {isa = PBXBuildFile; fileRef = 52ADC97222F738CB000D6408 /* UIStoryboard+.swift */; };
		52ADC97522F7393A000D6408 /* UITableView+.swift in Sources */ = {isa = PBXBuildFile; fileRef = 52ADC97422F7393A000D6408 /* UITableView+.swift */; };
		52ADC97722F73992000D6408 /* UIView+.swift in Sources */ = {isa = PBXBuildFile; fileRef = 52ADC97622F73992000D6408 /* UIView+.swift */; };
		52ADC97922F739C6000D6408 /* UIViewController+.swift in Sources */ = {isa = PBXBuildFile; fileRef = 52ADC97822F739C6000D6408 /* UIViewController+.swift */; };
		52ADC97C22F73ADC000D6408 /* BaseVC.swift in Sources */ = {isa = PBXBuildFile; fileRef = 52ADC97B22F73ADC000D6408 /* BaseVC.swift */; };
		52ADC97F22F74452000D6408 /* TagView.swift in Sources */ = {isa = PBXBuildFile; fileRef = 52ADC97E22F74452000D6408 /* TagView.swift */; };
		52ADC98122F7552A000D6408 /* FloatingPoint+.swift in Sources */ = {isa = PBXBuildFile; fileRef = 52ADC98022F7552A000D6408 /* FloatingPoint+.swift */; };
		CACC0029B8B170B42983671B /* Pods_Teko_Dev_Test.framework in Frameworks */ = {isa = PBXBuildFile; fileRef = FFE3F495E48CD1D38389971F /* Pods_Teko_Dev_Test.framework */; };
/* End PBXBuildFile section */

/* Begin PBXContainerItemProxy section */
		52ADC94322F71AF5000D6408 /* PBXContainerItemProxy */ = {
			isa = PBXContainerItemProxy;
			containerPortal = 52ADC92622F71AF4000D6408 /* Project object */;
			proxyType = 1;
			remoteGlobalIDString = 52ADC92D22F71AF4000D6408;
			remoteInfo = "Teko-Dev-Test";
		};
/* End PBXContainerItemProxy section */

/* Begin PBXFileReference section */
		277C2909786CD94E53E863FD /* Pods-Teko-Dev-Test.release.xcconfig */ = {isa = PBXFileReference; includeInIndex = 1; lastKnownFileType = text.xcconfig; name = "Pods-Teko-Dev-Test.release.xcconfig"; path = "Target Support Files/Pods-Teko-Dev-Test/Pods-Teko-Dev-Test.release.xcconfig"; sourceTree = "<group>"; };
		463A437277A5503DE2A34ADC /* Pods-Teko-Dev-Test.debug.xcconfig */ = {isa = PBXFileReference; includeInIndex = 1; lastKnownFileType = text.xcconfig; name = "Pods-Teko-Dev-Test.debug.xcconfig"; path = "Target Support Files/Pods-Teko-Dev-Test/Pods-Teko-Dev-Test.debug.xcconfig"; sourceTree = "<group>"; };
		521484F422F9D39C003118C6 /* UIScreen+.swift */ = {isa = PBXFileReference; lastKnownFileType = sourcecode.swift; path = "UIScreen+.swift"; sourceTree = "<group>"; };
		521484F622F9D6BE003118C6 /* UIApplication+.swift */ = {isa = PBXFileReference; lastKnownFileType = sourcecode.swift; path = "UIApplication+.swift"; sourceTree = "<group>"; };
		521484F822F9E49D003118C6 /* SearchItemCell.xib */ = {isa = PBXFileReference; lastKnownFileType = file.xib; path = SearchItemCell.xib; sourceTree = "<group>"; };
		522DD69722F9EB4000885F13 /* SearchItemCell.swift */ = {isa = PBXFileReference; lastKnownFileType = sourcecode.swift; path = SearchItemCell.swift; sourceTree = "<group>"; };
		522DD69922F9EE7000885F13 /* SearchItem.swift */ = {isa = PBXFileReference; lastKnownFileType = sourcecode.swift; path = SearchItem.swift; sourceTree = "<group>"; };
		522DD69B22FA010600885F13 /* SearchResult.swift */ = {isa = PBXFileReference; lastKnownFileType = sourcecode.swift; path = SearchResult.swift; sourceTree = "<group>"; };
		52959C4622FC7CEC00C25738 /* CategoriesCell.xib */ = {isa = PBXFileReference; lastKnownFileType = file.xib; path = CategoriesCell.xib; sourceTree = "<group>"; };
		52959C4822FC7D1000C25738 /* CategoriesCell.swift */ = {isa = PBXFileReference; lastKnownFileType = sourcecode.swift; path = CategoriesCell.swift; sourceTree = "<group>"; };
		52959C4A22FC851500C25738 /* AttributeCell.xib */ = {isa = PBXFileReference; lastKnownFileType = file.xib; path = AttributeCell.xib; sourceTree = "<group>"; };
		52959C4C22FC852A00C25738 /* AttributeCell.swift */ = {isa = PBXFileReference; lastKnownFileType = sourcecode.swift; path = AttributeCell.swift; sourceTree = "<group>"; };
		52959C4E22FC86FF00C25738 /* AttributeItemCell.xib */ = {isa = PBXFileReference; lastKnownFileType = file.xib; path = AttributeItemCell.xib; sourceTree = "<group>"; };
		52959C5022FC871A00C25738 /* AttributeItemCell.swift */ = {isa = PBXFileReference; lastKnownFileType = sourcecode.swift; path = AttributeItemCell.swift; sourceTree = "<group>"; };
		52959C5222FC88C100C25738 /* AttributeItem.swift */ = {isa = PBXFileReference; lastKnownFileType = sourcecode.swift; path = AttributeItem.swift; sourceTree = "<group>"; };
		52959C5422FCA92200C25738 /* DescriptionItemCell.xib */ = {isa = PBXFileReference; lastKnownFileType = file.xib; path = DescriptionItemCell.xib; sourceTree = "<group>"; };
		52959C5622FCA94B00C25738 /* DescriptionItemCell.swift */ = {isa = PBXFileReference; lastKnownFileType = sourcecode.swift; path = DescriptionItemCell.swift; sourceTree = "<group>"; };
		52959C5A22FCAB4800C25738 /* CompareCell.xib */ = {isa = PBXFileReference; lastKnownFileType = file.xib; path = CompareCell.xib; sourceTree = "<group>"; };
		52959C5C22FCAB6000C25738 /* CompareCell.swift */ = {isa = PBXFileReference; lastKnownFileType = sourcecode.swift; path = CompareCell.swift; sourceTree = "<group>"; };
		52A2111B22FB2339002A59A8 /* Utils.swift */ = {isa = PBXFileReference; lastKnownFileType = sourcecode.swift; path = Utils.swift; sourceTree = "<group>"; };
		52A2111E22FB2A3A002A59A8 /* DetailVC.swift */ = {isa = PBXFileReference; lastKnownFileType = sourcecode.swift; path = DetailVC.swift; sourceTree = "<group>"; };
		52A2112022FB34ED002A59A8 /* CustomAlert.swift */ = {isa = PBXFileReference; lastKnownFileType = sourcecode.swift; path = CustomAlert.swift; sourceTree = "<group>"; };
		52A2112222FB3DD4002A59A8 /* ItemInfoCell.swift */ = {isa = PBXFileReference; lastKnownFileType = sourcecode.swift; path = ItemInfoCell.swift; sourceTree = "<group>"; };
		52A2112422FB3DF9002A59A8 /* ItemInfoCell.xib */ = {isa = PBXFileReference; lastKnownFileType = file.xib; path = ItemInfoCell.xib; sourceTree = "<group>"; };
		52A2112622FB56A6002A59A8 /* ImageCell.swift */ = {isa = PBXFileReference; lastKnownFileType = sourcecode.swift; path = ImageCell.swift; sourceTree = "<group>"; };
		52A2112822FB579A002A59A8 /* ImageCell.xib */ = {isa = PBXFileReference; lastKnownFileType = file.xib; path = ImageCell.xib; sourceTree = "<group>"; };
		52ADC92E22F71AF4000D6408 /* Teko-Dev-Test.app */ = {isa = PBXFileReference; explicitFileType = wrapper.application; includeInIndex = 0; path = "Teko-Dev-Test.app"; sourceTree = BUILT_PRODUCTS_DIR; };
		52ADC93122F71AF4000D6408 /* AppDelegate.swift */ = {isa = PBXFileReference; lastKnownFileType = sourcecode.swift; path = AppDelegate.swift; sourceTree = "<group>"; };
		52ADC93622F71AF4000D6408 /* Base */ = {isa = PBXFileReference; lastKnownFileType = file.storyboard; name = Base; path = Base.lproj/Main.storyboard; sourceTree = "<group>"; };
		52ADC93822F71AF5000D6408 /* Assets.xcassets */ = {isa = PBXFileReference; lastKnownFileType = folder.assetcatalog; path = Assets.xcassets; sourceTree = "<group>"; };
		52ADC93B22F71AF5000D6408 /* Base */ = {isa = PBXFileReference; lastKnownFileType = file.storyboard; name = Base; path = Base.lproj/LaunchScreen.storyboard; sourceTree = "<group>"; };
		52ADC93D22F71AF5000D6408 /* Info.plist */ = {isa = PBXFileReference; lastKnownFileType = text.plist.xml; path = Info.plist; sourceTree = "<group>"; };
		52ADC94222F71AF5000D6408 /* Teko-Dev-TestTests.xctest */ = {isa = PBXFileReference; explicitFileType = wrapper.cfbundle; includeInIndex = 0; path = "Teko-Dev-TestTests.xctest"; sourceTree = BUILT_PRODUCTS_DIR; };
		52ADC94622F71AF5000D6408 /* Teko_Dev_TestTests.swift */ = {isa = PBXFileReference; lastKnownFileType = sourcecode.swift; path = Teko_Dev_TestTests.swift; sourceTree = "<group>"; };
		52ADC94822F71AF5000D6408 /* Info.plist */ = {isa = PBXFileReference; lastKnownFileType = text.plist.xml; path = Info.plist; sourceTree = "<group>"; };
		52ADC95922F71C1B000D6408 /* SearchVC.swift */ = {isa = PBXFileReference; lastKnownFileType = sourcecode.swift; path = SearchVC.swift; sourceTree = "<group>"; };
		52ADC96022F72197000D6408 /* Constants.swift */ = {isa = PBXFileReference; lastKnownFileType = sourcecode.swift; path = Constants.swift; sourceTree = "<group>"; };
		52ADC96222F72212000D6408 /* APIConfigs.swift */ = {isa = PBXFileReference; lastKnownFileType = sourcecode.swift; path = APIConfigs.swift; sourceTree = "<group>"; };
		52ADC96422F722A1000D6408 /* APIResponse.swift */ = {isa = PBXFileReference; lastKnownFileType = sourcecode.swift; path = APIResponse.swift; sourceTree = "<group>"; };
		52ADC96622F7258F000D6408 /* APIService.swift */ = {isa = PBXFileReference; lastKnownFileType = sourcecode.swift; path = APIService.swift; sourceTree = "<group>"; };
		52ADC96822F725FA000D6408 /* BaseRequest.swift */ = {isa = PBXFileReference; lastKnownFileType = sourcecode.swift; path = BaseRequest.swift; sourceTree = "<group>"; };
		52ADC96A22F729E7000D6408 /* APIService+Item.swift */ = {isa = PBXFileReference; lastKnownFileType = sourcecode.swift; path = "APIService+Item.swift"; sourceTree = "<group>"; };
		52ADC96C22F736D7000D6408 /* Array+.swift */ = {isa = PBXFileReference; lastKnownFileType = sourcecode.swift; path = "Array+.swift"; sourceTree = "<group>"; };
		52ADC96E22F737A7000D6408 /* UICollectionView+.swift */ = {isa = PBXFileReference; lastKnownFileType = sourcecode.swift; path = "UICollectionView+.swift"; sourceTree = "<group>"; };
		52ADC97022F7383B000D6408 /* UIColor+.swift */ = {isa = PBXFileReference; lastKnownFileType = sourcecode.swift; path = "UIColor+.swift"; sourceTree = "<group>"; };
		52ADC97222F738CB000D6408 /* UIStoryboard+.swift */ = {isa = PBXFileReference; lastKnownFileType = sourcecode.swift; path = "UIStoryboard+.swift"; sourceTree = "<group>"; };
		52ADC97422F7393A000D6408 /* UITableView+.swift */ = {isa = PBXFileReference; lastKnownFileType = sourcecode.swift; path = "UITableView+.swift"; sourceTree = "<group>"; };
		52ADC97622F73992000D6408 /* UIView+.swift */ = {isa = PBXFileReference; lastKnownFileType = sourcecode.swift; path = "UIView+.swift"; sourceTree = "<group>"; };
		52ADC97822F739C6000D6408 /* UIViewController+.swift */ = {isa = PBXFileReference; lastKnownFileType = sourcecode.swift; path = "UIViewController+.swift"; sourceTree = "<group>"; };
		52ADC97B22F73ADC000D6408 /* BaseVC.swift */ = {isa = PBXFileReference; lastKnownFileType = sourcecode.swift; path = BaseVC.swift; sourceTree = "<group>"; };
		52ADC97E22F74452000D6408 /* TagView.swift */ = {isa = PBXFileReference; lastKnownFileType = sourcecode.swift; path = TagView.swift; sourceTree = "<group>"; };
		52ADC98022F7552A000D6408 /* FloatingPoint+.swift */ = {isa = PBXFileReference; lastKnownFileType = sourcecode.swift; path = "FloatingPoint+.swift"; sourceTree = "<group>"; };
		FFE3F495E48CD1D38389971F /* Pods_Teko_Dev_Test.framework */ = {isa = PBXFileReference; explicitFileType = wrapper.framework; includeInIndex = 0; path = Pods_Teko_Dev_Test.framework; sourceTree = BUILT_PRODUCTS_DIR; };
/* End PBXFileReference section */

/* Begin PBXFrameworksBuildPhase section */
		52ADC92B22F71AF4000D6408 /* Frameworks */ = {
			isa = PBXFrameworksBuildPhase;
			buildActionMask = 2147483647;
			files = (
				CACC0029B8B170B42983671B /* Pods_Teko_Dev_Test.framework in Frameworks */,
			);
			runOnlyForDeploymentPostprocessing = 0;
		};
		52ADC93F22F71AF5000D6408 /* Frameworks */ = {
			isa = PBXFrameworksBuildPhase;
			buildActionMask = 2147483647;
			files = (
			);
			runOnlyForDeploymentPostprocessing = 0;
		};
/* End PBXFrameworksBuildPhase section */

/* Begin PBXGroup section */
		52A2111D22FB29D5002A59A8 /* Views */ = {
			isa = PBXGroup;
			children = (
				52A2112222FB3DD4002A59A8 /* ItemInfoCell.swift */,
				52A2112422FB3DF9002A59A8 /* ItemInfoCell.xib */,
				52A2112622FB56A6002A59A8 /* ImageCell.swift */,
				52A2112822FB579A002A59A8 /* ImageCell.xib */,
				52959C4622FC7CEC00C25738 /* CategoriesCell.xib */,
				52959C4822FC7D1000C25738 /* CategoriesCell.swift */,
				52959C4A22FC851500C25738 /* AttributeCell.xib */,
				52959C4C22FC852A00C25738 /* AttributeCell.swift */,
				52959C4E22FC86FF00C25738 /* AttributeItemCell.xib */,
				52959C5022FC871A00C25738 /* AttributeItemCell.swift */,
				52959C5422FCA92200C25738 /* DescriptionItemCell.xib */,
				52959C5622FCA94B00C25738 /* DescriptionItemCell.swift */,
				52959C5A22FCAB4800C25738 /* CompareCell.xib */,
				52959C5C22FCAB6000C25738 /* CompareCell.swift */,
			);
			path = Views;
			sourceTree = "<group>";
		};
		52ADC92522F71AF4000D6408 = {
			isa = PBXGroup;
			children = (
				52ADC93022F71AF4000D6408 /* Teko-Dev-Test */,
				52ADC94522F71AF5000D6408 /* Teko-Dev-TestTests */,
				52ADC92F22F71AF4000D6408 /* Products */,
				CC519043433FA4A4B4412FF0 /* Pods */,
				FBF34866AE1993C826F479CF /* Frameworks */,
			);
			sourceTree = "<group>";
		};
		52ADC92F22F71AF4000D6408 /* Products */ = {
			isa = PBXGroup;
			children = (
				52ADC92E22F71AF4000D6408 /* Teko-Dev-Test.app */,
				52ADC94222F71AF5000D6408 /* Teko-Dev-TestTests.xctest */,
			);
			name = Products;
			sourceTree = "<group>";
		};
		52ADC93022F71AF4000D6408 /* Teko-Dev-Test */ = {
			isa = PBXGroup;
			children = (
				52ADC95122F71B28000D6408 /* Classes */,
				52ADC93822F71AF5000D6408 /* Assets.xcassets */,
				52ADC93A22F71AF5000D6408 /* LaunchScreen.storyboard */,
				52ADC93D22F71AF5000D6408 /* Info.plist */,
			);
			path = "Teko-Dev-Test";
			sourceTree = "<group>";
		};
		52ADC94522F71AF5000D6408 /* Teko-Dev-TestTests */ = {
			isa = PBXGroup;
			children = (
				52ADC94622F71AF5000D6408 /* Teko_Dev_TestTests.swift */,
				52ADC94822F71AF5000D6408 /* Info.plist */,
			);
			path = "Teko-Dev-TestTests";
			sourceTree = "<group>";
		};
		52ADC95122F71B28000D6408 /* Classes */ = {
			isa = PBXGroup;
			children = (
				52ADC95422F71B52000D6408 /* AppDelegate */,
				52ADC95522F71B5D000D6408 /* Helpers */,
				52ADC95222F71B3D000D6408 /* Models */,
				52ADC95322F71B46000D6408 /* ViewControllers */,
			);
			path = Classes;
			sourceTree = "<group>";
		};
		52ADC95222F71B3D000D6408 /* Models */ = {
			isa = PBXGroup;
			children = (
				522DD69922F9EE7000885F13 /* SearchItem.swift */,
				522DD69B22FA010600885F13 /* SearchResult.swift */,
				52959C5222FC88C100C25738 /* AttributeItem.swift */,
			);
			path = Models;
			sourceTree = "<group>";
		};
		52ADC95322F71B46000D6408 /* ViewControllers */ = {
			isa = PBXGroup;
			children = (
				52ADC97D22F743F8000D6408 /* CustomView */,
				52ADC97A22F73ACB000D6408 /* Base */,
				52ADC95722F71BC2000D6408 /* Detail */,
				52ADC95622F71B9E000D6408 /* Search */,
				52ADC93522F71AF4000D6408 /* Main.storyboard */,
			);
			path = ViewControllers;
			sourceTree = "<group>";
		};
		52ADC95422F71B52000D6408 /* AppDelegate */ = {
			isa = PBXGroup;
			children = (
				52ADC93122F71AF4000D6408 /* AppDelegate.swift */,
			);
			path = AppDelegate;
			sourceTree = "<group>";
		};
		52ADC95522F71B5D000D6408 /* Helpers */ = {
			isa = PBXGroup;
			children = (
				52ADC95D22F720AC000D6408 /* APIService */,
				52ADC95C22F72074000D6408 /* Extensions */,
				52ADC95B22F72036000D6408 /* Utils */,
			);
			path = Helpers;
			sourceTree = "<group>";
		};
		52ADC95622F71B9E000D6408 /* Search */ = {
			isa = PBXGroup;
			children = (
				52ADC95822F71BFF000D6408 /* Views */,
				52ADC95922F71C1B000D6408 /* SearchVC.swift */,
			);
			path = Search;
			sourceTree = "<group>";
		};
		52ADC95722F71BC2000D6408 /* Detail */ = {
			isa = PBXGroup;
			children = (
				52A2111D22FB29D5002A59A8 /* Views */,
				52A2111E22FB2A3A002A59A8 /* DetailVC.swift */,
			);
			path = Detail;
			sourceTree = "<group>";
		};
		52ADC95822F71BFF000D6408 /* Views */ = {
			isa = PBXGroup;
			children = (
				521484F822F9E49D003118C6 /* SearchItemCell.xib */,
				522DD69722F9EB4000885F13 /* SearchItemCell.swift */,
			);
			path = Views;
			sourceTree = "<group>";
		};
		52ADC95B22F72036000D6408 /* Utils */ = {
			isa = PBXGroup;
			children = (
				52ADC96022F72197000D6408 /* Constants.swift */,
				52A2111B22FB2339002A59A8 /* Utils.swift */,
			);
			path = Utils;
			sourceTree = "<group>";
		};
		52ADC95C22F72074000D6408 /* Extensions */ = {
			isa = PBXGroup;
			children = (
				52ADC96C22F736D7000D6408 /* Array+.swift */,
				52ADC96E22F737A7000D6408 /* UICollectionView+.swift */,
				52ADC97022F7383B000D6408 /* UIColor+.swift */,
				52ADC97222F738CB000D6408 /* UIStoryboard+.swift */,
				52ADC97422F7393A000D6408 /* UITableView+.swift */,
				52ADC97622F73992000D6408 /* UIView+.swift */,
				52ADC97822F739C6000D6408 /* UIViewController+.swift */,
				52ADC98022F7552A000D6408 /* FloatingPoint+.swift */,
				521484F422F9D39C003118C6 /* UIScreen+.swift */,
				521484F622F9D6BE003118C6 /* UIApplication+.swift */,
			);
			path = Extensions;
			sourceTree = "<group>";
		};
		52ADC95D22F720AC000D6408 /* APIService */ = {
			isa = PBXGroup;
			children = (
				52ADC96222F72212000D6408 /* APIConfigs.swift */,
				52ADC96422F722A1000D6408 /* APIResponse.swift */,
				52ADC96822F725FA000D6408 /* BaseRequest.swift */,
				52ADC96622F7258F000D6408 /* APIService.swift */,
				52ADC96A22F729E7000D6408 /* APIService+Item.swift */,
			);
			path = APIService;
			sourceTree = "<group>";
		};
		52ADC97A22F73ACB000D6408 /* Base */ = {
			isa = PBXGroup;
			children = (
				52ADC97B22F73ADC000D6408 /* BaseVC.swift */,
			);
			path = Base;
			sourceTree = "<group>";
		};
		52ADC97D22F743F8000D6408 /* CustomView */ = {
			isa = PBXGroup;
			children = (
				52ADC97E22F74452000D6408 /* TagView.swift */,
				52A2112022FB34ED002A59A8 /* CustomAlert.swift */,
			);
			path = CustomView;
			sourceTree = "<group>";
		};
		CC519043433FA4A4B4412FF0 /* Pods */ = {
			isa = PBXGroup;
			children = (
				463A437277A5503DE2A34ADC /* Pods-Teko-Dev-Test.debug.xcconfig */,
				277C2909786CD94E53E863FD /* Pods-Teko-Dev-Test.release.xcconfig */,
			);
			path = Pods;
			sourceTree = "<group>";
		};
		FBF34866AE1993C826F479CF /* Frameworks */ = {
			isa = PBXGroup;
			children = (
				FFE3F495E48CD1D38389971F /* Pods_Teko_Dev_Test.framework */,
			);
			name = Frameworks;
			sourceTree = "<group>";
		};
/* End PBXGroup section */

/* Begin PBXNativeTarget section */
		52ADC92D22F71AF4000D6408 /* Teko-Dev-Test */ = {
			isa = PBXNativeTarget;
			buildConfigurationList = 52ADC94B22F71AF5000D6408 /* Build configuration list for PBXNativeTarget "Teko-Dev-Test" */;
			buildPhases = (
				5D0315E6B4CA8EECC8078029 /* [CP] Check Pods Manifest.lock */,
				52ADC92A22F71AF4000D6408 /* Sources */,
				52ADC92B22F71AF4000D6408 /* Frameworks */,
				52ADC92C22F71AF4000D6408 /* Resources */,
				E0D8348CB2EA6C4428B0DA8D /* [CP] Embed Pods Frameworks */,
			);
			buildRules = (
			);
			dependencies = (
			);
			name = "Teko-Dev-Test";
			productName = "Teko-Dev-Test";
			productReference = 52ADC92E22F71AF4000D6408 /* Teko-Dev-Test.app */;
			productType = "com.apple.product-type.application";
		};
		52ADC94122F71AF5000D6408 /* Teko-Dev-TestTests */ = {
			isa = PBXNativeTarget;
			buildConfigurationList = 52ADC94E22F71AF5000D6408 /* Build configuration list for PBXNativeTarget "Teko-Dev-TestTests" */;
			buildPhases = (
				52ADC93E22F71AF5000D6408 /* Sources */,
				52ADC93F22F71AF5000D6408 /* Frameworks */,
				52ADC94022F71AF5000D6408 /* Resources */,
			);
			buildRules = (
			);
			dependencies = (
				52ADC94422F71AF5000D6408 /* PBXTargetDependency */,
			);
			name = "Teko-Dev-TestTests";
			productName = "Teko-Dev-TestTests";
			productReference = 52ADC94222F71AF5000D6408 /* Teko-Dev-TestTests.xctest */;
			productType = "com.apple.product-type.bundle.unit-test";
		};
/* End PBXNativeTarget section */

/* Begin PBXProject section */
		52ADC92622F71AF4000D6408 /* Project object */ = {
			isa = PBXProject;
			attributes = {
				LastSwiftUpdateCheck = 1030;
				LastUpgradeCheck = 1030;
				ORGANIZATIONNAME = HoangHai;
				TargetAttributes = {
					52ADC92D22F71AF4000D6408 = {
						CreatedOnToolsVersion = 10.3;
					};
					52ADC94122F71AF5000D6408 = {
						CreatedOnToolsVersion = 10.3;
						TestTargetID = 52ADC92D22F71AF4000D6408;
					};
				};
			};
			buildConfigurationList = 52ADC92922F71AF4000D6408 /* Build configuration list for PBXProject "Teko-Dev-Test" */;
			compatibilityVersion = "Xcode 9.3";
			developmentRegion = en;
			hasScannedForEncodings = 0;
			knownRegions = (
				en,
				Base,
			);
			mainGroup = 52ADC92522F71AF4000D6408;
			productRefGroup = 52ADC92F22F71AF4000D6408 /* Products */;
			projectDirPath = "";
			projectRoot = "";
			targets = (
				52ADC92D22F71AF4000D6408 /* Teko-Dev-Test */,
				52ADC94122F71AF5000D6408 /* Teko-Dev-TestTests */,
			);
		};
/* End PBXProject section */

/* Begin PBXResourcesBuildPhase section */
		52ADC92C22F71AF4000D6408 /* Resources */ = {
			isa = PBXResourcesBuildPhase;
			buildActionMask = 2147483647;
			files = (
				52959C4722FC7CEC00C25738 /* CategoriesCell.xib in Resources */,
				521484F922F9E49D003118C6 /* SearchItemCell.xib in Resources */,
				52959C4F22FC86FF00C25738 /* AttributeItemCell.xib in Resources */,
				52ADC93C22F71AF5000D6408 /* LaunchScreen.storyboard in Resources */,
				52959C5B22FCAB4800C25738 /* CompareCell.xib in Resources */,
				52ADC93922F71AF5000D6408 /* Assets.xcassets in Resources */,
				52A2112922FB579A002A59A8 /* ImageCell.xib in Resources */,
				52A2112522FB3DF9002A59A8 /* ItemInfoCell.xib in Resources */,
				52959C5522FCA92200C25738 /* DescriptionItemCell.xib in Resources */,
				52959C4B22FC851500C25738 /* AttributeCell.xib in Resources */,
				52ADC93722F71AF4000D6408 /* Main.storyboard in Resources */,
			);
			runOnlyForDeploymentPostprocessing = 0;
		};
		52ADC94022F71AF5000D6408 /* Resources */ = {
			isa = PBXResourcesBuildPhase;
			buildActionMask = 2147483647;
			files = (
			);
			runOnlyForDeploymentPostprocessing = 0;
		};
/* End PBXResourcesBuildPhase section */

/* Begin PBXShellScriptBuildPhase section */
		5D0315E6B4CA8EECC8078029 /* [CP] Check Pods Manifest.lock */ = {
			isa = PBXShellScriptBuildPhase;
			buildActionMask = 2147483647;
			files = (
			);
			inputFileListPaths = (
			);
			inputPaths = (
				"${PODS_PODFILE_DIR_PATH}/Podfile.lock",
				"${PODS_ROOT}/Manifest.lock",
			);
			name = "[CP] Check Pods Manifest.lock";
			outputFileListPaths = (
			);
			outputPaths = (
				"$(DERIVED_FILE_DIR)/Pods-Teko-Dev-Test-checkManifestLockResult.txt",
			);
			runOnlyForDeploymentPostprocessing = 0;
			shellPath = /bin/sh;
			shellScript = "diff \"${PODS_PODFILE_DIR_PATH}/Podfile.lock\" \"${PODS_ROOT}/Manifest.lock\" > /dev/null\nif [ $? != 0 ] ; then\n    # print error to STDERR\n    echo \"error: The sandbox is not in sync with the Podfile.lock. Run 'pod install' or update your CocoaPods installation.\" >&2\n    exit 1\nfi\n# This output is used by Xcode 'outputs' to avoid re-running this script phase.\necho \"SUCCESS\" > \"${SCRIPT_OUTPUT_FILE_0}\"\n";
			showEnvVarsInLog = 0;
		};
		E0D8348CB2EA6C4428B0DA8D /* [CP] Embed Pods Frameworks */ = {
			isa = PBXShellScriptBuildPhase;
			buildActionMask = 2147483647;
			files = (
			);
			inputFileListPaths = (
				"${PODS_ROOT}/Target Support Files/Pods-Teko-Dev-Test/Pods-Teko-Dev-Test-frameworks-${CONFIGURATION}-input-files.xcfilelist",
			);
			name = "[CP] Embed Pods Frameworks";
			outputFileListPaths = (
				"${PODS_ROOT}/Target Support Files/Pods-Teko-Dev-Test/Pods-Teko-Dev-Test-frameworks-${CONFIGURATION}-output-files.xcfilelist",
			);
			runOnlyForDeploymentPostprocessing = 0;
			shellPath = /bin/sh;
			shellScript = "\"${PODS_ROOT}/Target Support Files/Pods-Teko-Dev-Test/Pods-Teko-Dev-Test-frameworks.sh\"\n";
			showEnvVarsInLog = 0;
		};
/* End PBXShellScriptBuildPhase section */

/* Begin PBXSourcesBuildPhase section */
		52ADC92A22F71AF4000D6408 /* Sources */ = {
			isa = PBXSourcesBuildPhase;
			buildActionMask = 2147483647;
			files = (
				522DD69C22FA010600885F13 /* SearchResult.swift in Sources */,
				521484F722F9D6BE003118C6 /* UIApplication+.swift in Sources */,
				52ADC97F22F74452000D6408 /* TagView.swift in Sources */,
				522DD69A22F9EE7000885F13 /* SearchItem.swift in Sources */,
				52ADC95A22F71C1B000D6408 /* SearchVC.swift in Sources */,
				52A2112722FB56A6002A59A8 /* ImageCell.swift in Sources */,
				52A2111F22FB2A3A002A59A8 /* DetailVC.swift in Sources */,
				52ADC93222F71AF4000D6408 /* AppDelegate.swift in Sources */,
				52ADC97922F739C6000D6408 /* UIViewController+.swift in Sources */,
				52ADC98122F7552A000D6408 /* FloatingPoint+.swift in Sources */,
				52ADC97722F73992000D6408 /* UIView+.swift in Sources */,
				52ADC96322F72212000D6408 /* APIConfigs.swift in Sources */,
				52ADC96922F725FA000D6408 /* BaseRequest.swift in Sources */,
				52ADC97122F7383B000D6408 /* UIColor+.swift in Sources */,
				52ADC96F22F737A7000D6408 /* UICollectionView+.swift in Sources */,
				52ADC96D22F736D7000D6408 /* Array+.swift in Sources */,
				52ADC97522F7393A000D6408 /* UITableView+.swift in Sources */,
				52ADC96522F722A1000D6408 /* APIResponse.swift in Sources */,
				52ADC97C22F73ADC000D6408 /* BaseVC.swift in Sources */,
				52ADC97322F738CB000D6408 /* UIStoryboard+.swift in Sources */,
				521484F522F9D39C003118C6 /* UIScreen+.swift in Sources */,
				52959C5D22FCAB6000C25738 /* CompareCell.swift in Sources */,
				52959C5122FC871A00C25738 /* AttributeItemCell.swift in Sources */,
				52ADC96B22F729E7000D6408 /* APIService+Item.swift in Sources */,
				52959C5722FCA94B00C25738 /* DescriptionItemCell.swift in Sources */,
				522DD69822F9EB4000885F13 /* SearchItemCell.swift in Sources */,
				52A2112322FB3DD4002A59A8 /* ItemInfoCell.swift in Sources */,
				52ADC96722F7258F000D6408 /* APIService.swift in Sources */,
				52959C5322FC88C100C25738 /* AttributeItem.swift in Sources */,
				52A2112122FB34ED002A59A8 /* CustomAlert.swift in Sources */,
				52959C4922FC7D1000C25738 /* CategoriesCell.swift in Sources */,
				52ADC96122F72197000D6408 /* Constants.swift in Sources */,
				52959C4D22FC852A00C25738 /* AttributeCell.swift in Sources */,
				52A2111C22FB2339002A59A8 /* Utils.swift in Sources */,
			);
			runOnlyForDeploymentPostprocessing = 0;
		};
		52ADC93E22F71AF5000D6408 /* Sources */ = {
			isa = PBXSourcesBuildPhase;
			buildActionMask = 2147483647;
			files = (
				52ADC94722F71AF5000D6408 /* Teko_Dev_TestTests.swift in Sources */,
			);
			runOnlyForDeploymentPostprocessing = 0;
		};
/* End PBXSourcesBuildPhase section */

/* Begin PBXTargetDependency section */
		52ADC94422F71AF5000D6408 /* PBXTargetDependency */ = {
			isa = PBXTargetDependency;
			target = 52ADC92D22F71AF4000D6408 /* Teko-Dev-Test */;
			targetProxy = 52ADC94322F71AF5000D6408 /* PBXContainerItemProxy */;
		};
/* End PBXTargetDependency section */

/* Begin PBXVariantGroup section */
		52ADC93522F71AF4000D6408 /* Main.storyboard */ = {
			isa = PBXVariantGroup;
			children = (
				52ADC93622F71AF4000D6408 /* Base */,
			);
			name = Main.storyboard;
			sourceTree = "<group>";
		};
		52ADC93A22F71AF5000D6408 /* LaunchScreen.storyboard */ = {
			isa = PBXVariantGroup;
			children = (
				52ADC93B22F71AF5000D6408 /* Base */,
			);
			name = LaunchScreen.storyboard;
			sourceTree = "<group>";
		};
/* End PBXVariantGroup section */

/* Begin XCBuildConfiguration section */
		52ADC94922F71AF5000D6408 /* Debug */ = {
			isa = XCBuildConfiguration;
			buildSettings = {
				ALWAYS_SEARCH_USER_PATHS = NO;
				CLANG_ANALYZER_NONNULL = YES;
				CLANG_ANALYZER_NUMBER_OBJECT_CONVERSION = YES_AGGRESSIVE;
				CLANG_CXX_LANGUAGE_STANDARD = "gnu++14";
				CLANG_CXX_LIBRARY = "libc++";
				CLANG_ENABLE_MODULES = YES;
				CLANG_ENABLE_OBJC_ARC = YES;
				CLANG_ENABLE_OBJC_WEAK = YES;
				CLANG_WARN_BLOCK_CAPTURE_AUTORELEASING = YES;
				CLANG_WARN_BOOL_CONVERSION = YES;
				CLANG_WARN_COMMA = YES;
				CLANG_WARN_CONSTANT_CONVERSION = YES;
				CLANG_WARN_DEPRECATED_OBJC_IMPLEMENTATIONS = YES;
				CLANG_WARN_DIRECT_OBJC_ISA_USAGE = YES_ERROR;
				CLANG_WARN_DOCUMENTATION_COMMENTS = YES;
				CLANG_WARN_EMPTY_BODY = YES;
				CLANG_WARN_ENUM_CONVERSION = YES;
				CLANG_WARN_INFINITE_RECURSION = YES;
				CLANG_WARN_INT_CONVERSION = YES;
				CLANG_WARN_NON_LITERAL_NULL_CONVERSION = YES;
				CLANG_WARN_OBJC_IMPLICIT_RETAIN_SELF = YES;
				CLANG_WARN_OBJC_LITERAL_CONVERSION = YES;
				CLANG_WARN_OBJC_ROOT_CLASS = YES_ERROR;
				CLANG_WARN_RANGE_LOOP_ANALYSIS = YES;
				CLANG_WARN_STRICT_PROTOTYPES = YES;
				CLANG_WARN_SUSPICIOUS_MOVE = YES;
				CLANG_WARN_UNGUARDED_AVAILABILITY = YES_AGGRESSIVE;
				CLANG_WARN_UNREACHABLE_CODE = YES;
				CLANG_WARN__DUPLICATE_METHOD_MATCH = YES;
				CODE_SIGN_IDENTITY = "iPhone Developer";
				COPY_PHASE_STRIP = NO;
				DEBUG_INFORMATION_FORMAT = dwarf;
				ENABLE_STRICT_OBJC_MSGSEND = YES;
				ENABLE_TESTABILITY = YES;
				GCC_C_LANGUAGE_STANDARD = gnu11;
				GCC_DYNAMIC_NO_PIC = NO;
				GCC_NO_COMMON_BLOCKS = YES;
				GCC_OPTIMIZATION_LEVEL = 0;
				GCC_PREPROCESSOR_DEFINITIONS = (
					"DEBUG=1",
					"$(inherited)",
				);
				GCC_WARN_64_TO_32_BIT_CONVERSION = YES;
				GCC_WARN_ABOUT_RETURN_TYPE = YES_ERROR;
				GCC_WARN_UNDECLARED_SELECTOR = YES;
				GCC_WARN_UNINITIALIZED_AUTOS = YES_AGGRESSIVE;
				GCC_WARN_UNUSED_FUNCTION = YES;
				GCC_WARN_UNUSED_VARIABLE = YES;
				IPHONEOS_DEPLOYMENT_TARGET = 12.4;
				MTL_ENABLE_DEBUG_INFO = INCLUDE_SOURCE;
				MTL_FAST_MATH = YES;
				ONLY_ACTIVE_ARCH = YES;
				SDKROOT = iphoneos;
				SWIFT_ACTIVE_COMPILATION_CONDITIONS = DEBUG;
				SWIFT_OPTIMIZATION_LEVEL = "-Onone";
			};
			name = Debug;
		};
		52ADC94A22F71AF5000D6408 /* Release */ = {
			isa = XCBuildConfiguration;
			buildSettings = {
				ALWAYS_SEARCH_USER_PATHS = NO;
				CLANG_ANALYZER_NONNULL = YES;
				CLANG_ANALYZER_NUMBER_OBJECT_CONVERSION = YES_AGGRESSIVE;
				CLANG_CXX_LANGUAGE_STANDARD = "gnu++14";
				CLANG_CXX_LIBRARY = "libc++";
				CLANG_ENABLE_MODULES = YES;
				CLANG_ENABLE_OBJC_ARC = YES;
				CLANG_ENABLE_OBJC_WEAK = YES;
				CLANG_WARN_BLOCK_CAPTURE_AUTORELEASING = YES;
				CLANG_WARN_BOOL_CONVERSION = YES;
				CLANG_WARN_COMMA = YES;
				CLANG_WARN_CONSTANT_CONVERSION = YES;
				CLANG_WARN_DEPRECATED_OBJC_IMPLEMENTATIONS = YES;
				CLANG_WARN_DIRECT_OBJC_ISA_USAGE = YES_ERROR;
				CLANG_WARN_DOCUMENTATION_COMMENTS = YES;
				CLANG_WARN_EMPTY_BODY = YES;
				CLANG_WARN_ENUM_CONVERSION = YES;
				CLANG_WARN_INFINITE_RECURSION = YES;
				CLANG_WARN_INT_CONVERSION = YES;
				CLANG_WARN_NON_LITERAL_NULL_CONVERSION = YES;
				CLANG_WARN_OBJC_IMPLICIT_RETAIN_SELF = YES;
				CLANG_WARN_OBJC_LITERAL_CONVERSION = YES;
				CLANG_WARN_OBJC_ROOT_CLASS = YES_ERROR;
				CLANG_WARN_RANGE_LOOP_ANALYSIS = YES;
				CLANG_WARN_STRICT_PROTOTYPES = YES;
				CLANG_WARN_SUSPICIOUS_MOVE = YES;
				CLANG_WARN_UNGUARDED_AVAILABILITY = YES_AGGRESSIVE;
				CLANG_WARN_UNREACHABLE_CODE = YES;
				CLANG_WARN__DUPLICATE_METHOD_MATCH = YES;
				CODE_SIGN_IDENTITY = "iPhone Developer";
				COPY_PHASE_STRIP = NO;
				DEBUG_INFORMATION_FORMAT = "dwarf-with-dsym";
				ENABLE_NS_ASSERTIONS = NO;
				ENABLE_STRICT_OBJC_MSGSEND = YES;
				GCC_C_LANGUAGE_STANDARD = gnu11;
				GCC_NO_COMMON_BLOCKS = YES;
				GCC_WARN_64_TO_32_BIT_CONVERSION = YES;
				GCC_WARN_ABOUT_RETURN_TYPE = YES_ERROR;
				GCC_WARN_UNDECLARED_SELECTOR = YES;
				GCC_WARN_UNINITIALIZED_AUTOS = YES_AGGRESSIVE;
				GCC_WARN_UNUSED_FUNCTION = YES;
				GCC_WARN_UNUSED_VARIABLE = YES;
				IPHONEOS_DEPLOYMENT_TARGET = 12.4;
				MTL_ENABLE_DEBUG_INFO = NO;
				MTL_FAST_MATH = YES;
				SDKROOT = iphoneos;
				SWIFT_COMPILATION_MODE = wholemodule;
				SWIFT_OPTIMIZATION_LEVEL = "-O";
				VALIDATE_PRODUCT = YES;
			};
			name = Release;
		};
		52ADC94C22F71AF5000D6408 /* Debug */ = {
			isa = XCBuildConfiguration;
			baseConfigurationReference = 463A437277A5503DE2A34ADC /* Pods-Teko-Dev-Test.debug.xcconfig */;
			buildSettings = {
				ASSETCATALOG_COMPILER_APPICON_NAME = AppIcon;
				CODE_SIGN_STYLE = Automatic;
				INFOPLIST_FILE = "Teko-Dev-Test/Info.plist";
				IPHONEOS_DEPLOYMENT_TARGET = 12.0;
				LD_RUNPATH_SEARCH_PATHS = (
					"$(inherited)",
					"@executable_path/Frameworks",
				);
				PRODUCT_BUNDLE_IDENTIFIER = "com.hoanghai.Teko-Dev-Test";
				PRODUCT_NAME = "$(TARGET_NAME)";
				SWIFT_VERSION = 5.0;
				TARGETED_DEVICE_FAMILY = "1,2";
			};
			name = Debug;
		};
		52ADC94D22F71AF5000D6408 /* Release */ = {
			isa = XCBuildConfiguration;
			baseConfigurationReference = 277C2909786CD94E53E863FD /* Pods-Teko-Dev-Test.release.xcconfig */;
			buildSettings = {
				ASSETCATALOG_COMPILER_APPICON_NAME = AppIcon;
				CODE_SIGN_STYLE = Automatic;
				INFOPLIST_FILE = "Teko-Dev-Test/Info.plist";
				IPHONEOS_DEPLOYMENT_TARGET = 12.0;
				LD_RUNPATH_SEARCH_PATHS = (
					"$(inherited)",
					"@executable_path/Frameworks",
				);
				PRODUCT_BUNDLE_IDENTIFIER = "com.hoanghai.Teko-Dev-Test";
				PRODUCT_NAME = "$(TARGET_NAME)";
				SWIFT_VERSION = 5.0;
				TARGETED_DEVICE_FAMILY = "1,2";
			};
			name = Release;
		};
		52ADC94F22F71AF5000D6408 /* Debug */ = {
			isa = XCBuildConfiguration;
			buildSettings = {
				ALWAYS_EMBED_SWIFT_STANDARD_LIBRARIES = YES;
				BUNDLE_LOADER = "$(TEST_HOST)";
				CODE_SIGN_STYLE = Automatic;
				INFOPLIST_FILE = "Teko-Dev-TestTests/Info.plist";
				LD_RUNPATH_SEARCH_PATHS = (
					"$(inherited)",
					"@executable_path/Frameworks",
					"@loader_path/Frameworks",
				);
				PRODUCT_BUNDLE_IDENTIFIER = "com.hoanghai.Teko-Dev-TestTests";
				PRODUCT_NAME = "$(TARGET_NAME)";
				SWIFT_VERSION = 5.0;
				TARGETED_DEVICE_FAMILY = "1,2";
				TEST_HOST = "$(BUILT_PRODUCTS_DIR)/Teko-Dev-Test.app/Teko-Dev-Test";
			};
			name = Debug;
		};
		52ADC95022F71AF5000D6408 /* Release */ = {
			isa = XCBuildConfiguration;
			buildSettings = {
				ALWAYS_EMBED_SWIFT_STANDARD_LIBRARIES = YES;
				BUNDLE_LOADER = "$(TEST_HOST)";
				CODE_SIGN_STYLE = Automatic;
				INFOPLIST_FILE = "Teko-Dev-TestTests/Info.plist";
				LD_RUNPATH_SEARCH_PATHS = (
					"$(inherited)",
					"@executable_path/Frameworks",
					"@loader_path/Frameworks",
				);
				PRODUCT_BUNDLE_IDENTIFIER = "com.hoanghai.Teko-Dev-TestTests";
				PRODUCT_NAME = "$(TARGET_NAME)";
				SWIFT_VERSION = 5.0;
				TARGETED_DEVICE_FAMILY = "1,2";
				TEST_HOST = "$(BUILT_PRODUCTS_DIR)/Teko-Dev-Test.app/Teko-Dev-Test";
			};
			name = Release;
		};
/* End XCBuildConfiguration section */

/* Begin XCConfigurationList section */
		52ADC92922F71AF4000D6408 /* Build configuration list for PBXProject "Teko-Dev-Test" */ = {
			isa = XCConfigurationList;
			buildConfigurations = (
				52ADC94922F71AF5000D6408 /* Debug */,
				52ADC94A22F71AF5000D6408 /* Release */,
			);
			defaultConfigurationIsVisible = 0;
			defaultConfigurationName = Release;
		};
		52ADC94B22F71AF5000D6408 /* Build configuration list for PBXNativeTarget "Teko-Dev-Test" */ = {
			isa = XCConfigurationList;
			buildConfigurations = (
				52ADC94C22F71AF5000D6408 /* Debug */,
				52ADC94D22F71AF5000D6408 /* Release */,
			);
			defaultConfigurationIsVisible = 0;
			defaultConfigurationName = Release;
		};
		52ADC94E22F71AF5000D6408 /* Build configuration list for PBXNativeTarget "Teko-Dev-TestTests" */ = {
			isa = XCConfigurationList;
			buildConfigurations = (
				52ADC94F22F71AF5000D6408 /* Debug */,
				52ADC95022F71AF5000D6408 /* Release */,
			);
			defaultConfigurationIsVisible = 0;
			defaultConfigurationName = Release;
		};
/* End XCConfigurationList section */
	};
	rootObject = 52ADC92622F71AF4000D6408 /* Project object */;
}
